{
  "name": "agentic-generation-eval",
  "version": "0.1.0",
  "lockfileVersion": 3,
  "requires": true,
  "packages": {
    "": {
      "name": "agentic-generation-eval",
      "version": "0.1.0",
      "dependencies": {
        "@opencode-ai/sdk": "^1.3.3"
      }
    },
    "node_modules/@opencode-ai/sdk": {
      "version": "1.3.3",
      "resolved": "https://registry.npmmirror.com/@opencode-ai/sdk/-/sdk-1.3.3.tgz",
      "integrity": "sha512-qg7DwEVUpZArsYajs0DcaHqmIYB3EfHCuuTdMJir7Yc976DUWDfLR/5y9h8fKb9HAMJXe4TZkAIEr0/3OmK67g=="
    }
  }
}
